
Microsoft Visual Studio Solution File, Format Version 12.00
# Visual Studio 15
VisualStudioVersion = 15.0.28010.2016
MinimumVisualStudioVersion = 10.0.40219.1
Project("{FAE04EC0-301F-11D3-BF4B-00C04F79EFBC}") = "WindowsFormsApp3", "WindowsFormsApp3\WindowsFormsApp3.csproj", "{C9647A26-29B4-44C1-AB44-D57114DBED53}"
EndProject
Global
	GlobalSection(SolutionConfigurationPlatforms) = preSolution
		Debug|Any CPU = Debug|Any CPU
		Release|Any CPU = Release|Any CPU
	EndGlobalSection
	GlobalSection(ProjectConfigurationPlatforms) = postSolution
		{C9647A26-29B4-44C1-AB44-D57114DBED53}.Debug|Any CPU.ActiveCfg = Debug|Any CPU
		{C9647A26-29B4-44C1-AB44-D57114DBED53}.Debug|Any CPU.Build.0 = Debug|Any CPU
		{C9647A26-29B4-44C1-AB44-D57114DBED53}.Release|Any CPU.ActiveCfg = Release|Any CPU
		{C9647A26-29B4-44C1-AB44-D57114DBED53}.Release|Any CPU.Build.0 = Release|Any CPU
	EndGlobalSection
	GlobalSection(SolutionProperties) = preSolution
		HideSolutionNode = FALSE
	EndGlobalSection
	GlobalSection(ExtensibilityGlobals) = postSolution
		SolutionGuid = {4A2F0333-49FD-4351-A025-2F7A1CBDF220}
	EndGlobalSection
EndGlobal
