
Microsoft Visual Studio Solution File, Format Version 12.00
# Visual Studio 15
VisualStudioVersion = 15.0.28010.2016
MinimumVisualStudioVersion = 10.0.40219.1
Project("{FAE04EC0-301F-11D3-BF4B-00C04F79EFBC}") = "WindowsFormsApp9", "WindowsFormsApp9\WindowsFormsApp9.csproj", "{F237DCCC-FC47-46FD-8F6D-F96664C72517}"
EndProject
Global
	GlobalSection(SolutionConfigurationPlatforms) = preSolution
		Debug|Any CPU = Debug|Any CPU
		Release|Any CPU = Release|Any CPU
	EndGlobalSection
	GlobalSection(ProjectConfigurationPlatforms) = postSolution
		{F237DCCC-FC47-46FD-8F6D-F96664C72517}.Debug|Any CPU.ActiveCfg = Debug|Any CPU
		{F237DCCC-FC47-46FD-8F6D-F96664C72517}.Debug|Any CPU.Build.0 = Debug|Any CPU
		{F237DCCC-FC47-46FD-8F6D-F96664C72517}.Release|Any CPU.ActiveCfg = Release|Any CPU
		{F237DCCC-FC47-46FD-8F6D-F96664C72517}.Release|Any CPU.Build.0 = Release|Any CPU
	EndGlobalSection
	GlobalSection(SolutionProperties) = preSolution
		HideSolutionNode = FALSE
	EndGlobalSection
	GlobalSection(ExtensibilityGlobals) = postSolution
		SolutionGuid = {7A040E11-3F17-448C-B53E-9FF5F414F9E2}
	EndGlobalSection
EndGlobal
